
Microsoft Visual Studio Solution File, Format Version 12.00
# Visual Studio 15
Project("{FAE04EC0-301F-11D3-BF4B-00C04F79EFBC}") = "Assembly-CSharp", "Assembly-CSharp.csproj", "{F769BC50-C7F1-C25D-7A4C-65BCE9DAC4A9}"
EndProject
Global
	GlobalSection(SolutionConfigurationPlatforms) = preSolution
		Debug|Any CPU = Debug|Any CPU
		Release|Any CPU = Release|Any CPU
	EndGlobalSection
	GlobalSection(ProjectConfigurationPlatforms) = postSolution
		{F769BC50-C7F1-C25D-7A4C-65BCE9DAC4A9}.Debug|Any CPU.ActiveCfg = Debug|Any CPU
		{F769BC50-C7F1-C25D-7A4C-65BCE9DAC4A9}.Debug|Any CPU.Build.0 = Debug|Any CPU
		{F769BC50-C7F1-C25D-7A4C-65BCE9DAC4A9}.Release|Any CPU.ActiveCfg = Release|Any CPU
		{F769BC50-C7F1-C25D-7A4C-65BCE9DAC4A9}.Release|Any CPU.Build.0 = Release|Any CPU
	EndGlobalSection
	GlobalSection(SolutionProperties) = preSolution
		HideSolutionNode = FALSE
	EndGlobalSection
EndGlobal
